// !$*UTF8*$!
{
	archiveVersion = 1;
	classes = {
	};
	objectVersion = 55;
	objects = {

/* Begin PBXBuildFile section */
		4D49A66327DFCE3000E36FDC /* Basic_SwiftUI_Part1App.swift in Sources */ = {isa = PBXBuildFile; fileRef = 4D49A66227DFCE3000E36FDC /* Basic_SwiftUI_Part1App.swift */; };
		4D49A66527DFCE3000E36FDC /* ContentView.swift in Sources */ = {isa = PBXBuildFile; fileRef = 4D49A66427DFCE3000E36FDC /* ContentView.swift */; };
		4D49A66727DFCE3100E36FDC /* Assets.xcassets in Resources */ = {isa = PBXBuildFile; fileRef = 4D49A66627DFCE3100E36FDC /* Assets.xcassets */; };
		4D49A66A27DFCE3100E36FDC /* Preview Assets.xcassets in Resources */ = {isa = PBXBuildFile; fileRef = 4D49A66927DFCE3100E36FDC /* Preview Assets.xcassets */; };
		4D49A66C27DFCE3100E36FDC /* Persistence.swift in Sources */ = {isa = PBXBuildFile; fileRef = 4D49A66B27DFCE3100E36FDC /* Persistence.swift */; };
		4D49A66F27DFCE3100E36FDC /* Basic_SwiftUI_Part1.xcdatamodeld in Sources */ = {isa = PBXBuildFile; fileRef = 4D49A66D27DFCE3100E36FDC /* Basic_SwiftUI_Part1.xcdatamodeld */; };
		4D49A67927DFCE3200E36FDC /* Basic_SwiftUI_Part1Tests.swift in Sources */ = {isa = PBXBuildFile; fileRef = 4D49A67827DFCE3200E36FDC /* Basic_SwiftUI_Part1Tests.swift */; };
		4D49A68327DFCE3200E36FDC /* Basic_SwiftUI_Part1UITests.swift in Sources */ = {isa = PBXBuildFile; fileRef = 4D49A68227DFCE3200E36FDC /* Basic_SwiftUI_Part1UITests.swift */; };
		4D49A68527DFCE3200E36FDC /* Basic_SwiftUI_Part1UITestsLaunchTests.swift in Sources */ = {isa = PBXBuildFile; fileRef = 4D49A68427DFCE3200E36FDC /* Basic_SwiftUI_Part1UITestsLaunchTests.swift */; };
		4D49A69527E04EB400E36FDC /* Color.swift in Sources */ = {isa = PBXBuildFile; fileRef = 4D49A69427E04EB400E36FDC /* Color.swift */; };
		4D49A69727E04F0500E36FDC /* RGB.swift in Sources */ = {isa = PBXBuildFile; fileRef = 4D49A69627E04F0500E36FDC /* RGB.swift */; };
		4D49A69927E0509500E36FDC /* Game.swift in Sources */ = {isa = PBXBuildFile; fileRef = 4D49A69827E0509500E36FDC /* Game.swift */; };
		4D49A69E27E052D900E36FDC /* ColorSlider.swift in Sources */ = {isa = PBXBuildFile; fileRef = 4D49A69D27E052D900E36FDC /* ColorSlider.swift */; };
		4D49A6A027E0574600E36FDC /* View.swift in Sources */ = {isa = PBXBuildFile; fileRef = 4D49A69F27E0574600E36FDC /* View.swift */; };
		4D49A6A327E05BAA00E36FDC /* ColorCircle.swift in Sources */ = {isa = PBXBuildFile; fileRef = 4D49A6A227E05BAA00E36FDC /* ColorCircle.swift */; };
		4D49A6A527E05D4500E36FDC /* BevelText.swift in Sources */ = {isa = PBXBuildFile; fileRef = 4D49A6A427E05D4500E36FDC /* BevelText.swift */; };
		4D49A6A727E0657800E36FDC /* NeuButtonStyle.swift in Sources */ = {isa = PBXBuildFile; fileRef = 4D49A6A627E0657800E36FDC /* NeuButtonStyle.swift */; };
/* End PBXBuildFile section */

/* Begin PBXContainerItemProxy section */
		4D49A67527DFCE3200E36FDC /* PBXContainerItemProxy */ = {
			isa = PBXContainerItemProxy;
			containerPortal = 4D49A65727DFCE3000E36FDC /* Project object */;
			proxyType = 1;
			remoteGlobalIDString = 4D49A65E27DFCE3000E36FDC;
			remoteInfo = "Basic-SwiftUI-Part1";
		};
		4D49A67F27DFCE3200E36FDC /* PBXContainerItemProxy */ = {
			isa = PBXContainerItemProxy;
			containerPortal = 4D49A65727DFCE3000E36FDC /* Project object */;
			proxyType = 1;
			remoteGlobalIDString = 4D49A65E27DFCE3000E36FDC;
			remoteInfo = "Basic-SwiftUI-Part1";
		};
/* End PBXContainerItemProxy section */

/* Begin PBXFileReference section */
		4D49A65F27DFCE3000E36FDC /* Basic-SwiftUI-Part1.app */ = {isa = PBXFileReference; explicitFileType = wrapper.application; includeInIndex = 0; path = "Basic-SwiftUI-Part1.app"; sourceTree = BUILT_PRODUCTS_DIR; };
		4D49A66227DFCE3000E36FDC /* Basic_SwiftUI_Part1App.swift */ = {isa = PBXFileReference; lastKnownFileType = sourcecode.swift; path = Basic_SwiftUI_Part1App.swift; sourceTree = "<group>"; };
		4D49A66427DFCE3000E36FDC /* ContentView.swift */ = {isa = PBXFileReference; lastKnownFileType = sourcecode.swift; path = ContentView.swift; sourceTree = "<group>"; };
		4D49A66627DFCE3100E36FDC /* Assets.xcassets */ = {isa = PBXFileReference; lastKnownFileType = folder.assetcatalog; path = Assets.xcassets; sourceTree = "<group>"; };
		4D49A66927DFCE3100E36FDC /* Preview Assets.xcassets */ = {isa = PBXFileReference; lastKnownFileType = folder.assetcatalog; path = "Preview Assets.xcassets"; sourceTree = "<group>"; };
		4D49A66B27DFCE3100E36FDC /* Persistence.swift */ = {isa = PBXFileReference; lastKnownFileType = sourcecode.swift; path = Persistence.swift; sourceTree = "<group>"; };
		4D49A66E27DFCE3100E36FDC /* Basic_SwiftUI_Part1.xcdatamodel */ = {isa = PBXFileReference; lastKnownFileType = wrapper.xcdatamodel; path = Basic_SwiftUI_Part1.xcdatamodel; sourceTree = "<group>"; };
		4D49A67427DFCE3200E36FDC /* Basic-SwiftUI-Part1Tests.xctest */ = {isa = PBXFileReference; explicitFileType = wrapper.cfbundle; includeInIndex = 0; path = "Basic-SwiftUI-Part1Tests.xctest"; sourceTree = BUILT_PRODUCTS_DIR; };
		4D49A67827DFCE3200E36FDC /* Basic_SwiftUI_Part1Tests.swift */ = {isa = PBXFileReference; lastKnownFileType = sourcecode.swift; path = Basic_SwiftUI_Part1Tests.swift; sourceTree = "<group>"; };
		4D49A67E27DFCE3200E36FDC /* Basic-SwiftUI-Part1UITests.xctest */ = {isa = PBXFileReference; explicitFileType = wrapper.cfbundle; includeInIndex = 0; path = "Basic-SwiftUI-Part1UITests.xctest"; sourceTree = BUILT_PRODUCTS_DIR; };
		4D49A68227DFCE3200E36FDC /* Basic_SwiftUI_Part1UITests.swift */ = {isa = PBXFileReference; lastKnownFileType = sourcecode.swift; path = Basic_SwiftUI_Part1UITests.swift; sourceTree = "<group>"; };
		4D49A68427DFCE3200E36FDC /* Basic_SwiftUI_Part1UITestsLaunchTests.swift */ = {isa = PBXFileReference; lastKnownFileType = sourcecode.swift; path = Basic_SwiftUI_Part1UITestsLaunchTests.swift; sourceTree = "<group>"; };
		4D49A69427E04EB400E36FDC /* Color.swift */ = {isa = PBXFileReference; lastKnownFileType = sourcecode.swift; path = Color.swift; sourceTree = "<group>"; };
		4D49A69627E04F0500E36FDC /* RGB.swift */ = {isa = PBXFileReference; lastKnownFileType = sourcecode.swift; path = RGB.swift; sourceTree = "<group>"; };
		4D49A69827E0509500E36FDC /* Game.swift */ = {isa = PBXFileReference; lastKnownFileType = sourcecode.swift; path = Game.swift; sourceTree = "<group>"; };
		4D49A69D27E052D900E36FDC /* ColorSlider.swift */ = {isa = PBXFileReference; lastKnownFileType = sourcecode.swift; path = ColorSlider.swift; sourceTree = "<group>"; };
		4D49A69F27E0574600E36FDC /* View.swift */ = {isa = PBXFileReference; lastKnownFileType = sourcecode.swift; path = View.swift; sourceTree = "<group>"; };
		4D49A6A227E05BAA00E36FDC /* ColorCircle.swift */ = {isa = PBXFileReference; lastKnownFileType = sourcecode.swift; path = ColorCircle.swift; sourceTree = "<group>"; };
		4D49A6A427E05D4500E36FDC /* BevelText.swift */ = {isa = PBXFileReference; lastKnownFileType = sourcecode.swift; path = BevelText.swift; sourceTree = "<group>"; };
		4D49A6A627E0657800E36FDC /* NeuButtonStyle.swift */ = {isa = PBXFileReference; lastKnownFileType = sourcecode.swift; path = NeuButtonStyle.swift; sourceTree = "<group>"; };
/* End PBXFileReference section */

/* Begin PBXFrameworksBuildPhase section */
		4D49A65C27DFCE3000E36FDC /* Frameworks */ = {
			isa = PBXFrameworksBuildPhase;
			buildActionMask = 2147483647;
			files = (
			);
			runOnlyForDeploymentPostprocessing = 0;
		};
		4D49A67127DFCE3200E36FDC /* Frameworks */ = {
			isa = PBXFrameworksBuildPhase;
			buildActionMask = 2147483647;
			files = (
			);
			runOnlyForDeploymentPostprocessing = 0;
		};
		4D49A67B27DFCE3200E36FDC /* Frameworks */ = {
			isa = PBXFrameworksBuildPhase;
			buildActionMask = 2147483647;
			files = (
			);
			runOnlyForDeploymentPostprocessing = 0;
		};
/* End PBXFrameworksBuildPhase section */

/* Begin PBXGroup section */
		4D49A65627DFCE3000E36FDC = {
			isa = PBXGroup;
			children = (
				4D49A66127DFCE3000E36FDC /* Basic-SwiftUI-Part1 */,
				4D49A67727DFCE3200E36FDC /* Basic-SwiftUI-Part1Tests */,
				4D49A68127DFCE3200E36FDC /* Basic-SwiftUI-Part1UITests */,
				4D49A66027DFCE3000E36FDC /* Products */,
			);
			sourceTree = "<group>";
		};
		4D49A66027DFCE3000E36FDC /* Products */ = {
			isa = PBXGroup;
			children = (
				4D49A65F27DFCE3000E36FDC /* Basic-SwiftUI-Part1.app */,
				4D49A67427DFCE3200E36FDC /* Basic-SwiftUI-Part1Tests.xctest */,
				4D49A67E27DFCE3200E36FDC /* Basic-SwiftUI-Part1UITests.xctest */,
			);
			name = Products;
			sourceTree = "<group>";
		};
		4D49A66127DFCE3000E36FDC /* Basic-SwiftUI-Part1 */ = {
			isa = PBXGroup;
			children = (
				4D49A69A27E052B700E36FDC /* View */,
				4D49A69227E04EA100E36FDC /* Util */,
				4D49A69127E04E9700E36FDC /* Model */,
				4D49A66227DFCE3000E36FDC /* Basic_SwiftUI_Part1App.swift */,
				4D49A66627DFCE3100E36FDC /* Assets.xcassets */,
				4D49A66B27DFCE3100E36FDC /* Persistence.swift */,
				4D49A66D27DFCE3100E36FDC /* Basic_SwiftUI_Part1.xcdatamodeld */,
				4D49A66827DFCE3100E36FDC /* Preview Content */,
			);
			path = "Basic-SwiftUI-Part1";
			sourceTree = "<group>";
		};
		4D49A66827DFCE3100E36FDC /* Preview Content */ = {
			isa = PBXGroup;
			children = (
				4D49A66927DFCE3100E36FDC /* Preview Assets.xcassets */,
			);
			path = "Preview Content";
			sourceTree = "<group>";
		};
		4D49A67727DFCE3200E36FDC /* Basic-SwiftUI-Part1Tests */ = {
			isa = PBXGroup;
			children = (
				4D49A67827DFCE3200E36FDC /* Basic_SwiftUI_Part1Tests.swift */,
			);
			path = "Basic-SwiftUI-Part1Tests";
			sourceTree = "<group>";
		};
		4D49A68127DFCE3200E36FDC /* Basic-SwiftUI-Part1UITests */ = {
			isa = PBXGroup;
			children = (
				4D49A68227DFCE3200E36FDC /* Basic_SwiftUI_Part1UITests.swift */,
				4D49A68427DFCE3200E36FDC /* Basic_SwiftUI_Part1UITestsLaunchTests.swift */,
			);
			path = "Basic-SwiftUI-Part1UITests";
			sourceTree = "<group>";
		};
		4D49A69127E04E9700E36FDC /* Model */ = {
			isa = PBXGroup;
			children = (
				4D49A69627E04F0500E36FDC /* RGB.swift */,
				4D49A69827E0509500E36FDC /* Game.swift */,
			);
			path = Model;
			sourceTree = "<group>";
		};
		4D49A69227E04EA100E36FDC /* Util */ = {
			isa = PBXGroup;
			children = (
				4D49A69327E04EA900E36FDC /* Extension */,
			);
			path = Util;
			sourceTree = "<group>";
		};
		4D49A69327E04EA900E36FDC /* Extension */ = {
			isa = PBXGroup;
			children = (
				4D49A69427E04EB400E36FDC /* Color.swift */,
				4D49A69F27E0574600E36FDC /* View.swift */,
			);
			path = Extension;
			sourceTree = "<group>";
		};
		4D49A69A27E052B700E36FDC /* View */ = {
			isa = PBXGroup;
			children = (
				4D49A69C27E052C300E36FDC /* Page */,
				4D49A69B27E052BD00E36FDC /* Component */,
			);
			path = View;
			sourceTree = "<group>";
		};
		4D49A69B27E052BD00E36FDC /* Component */ = {
			isa = PBXGroup;
			children = (
				4D49A6A127E05B9600E36FDC /* ContentView */,
			);
			path = Component;
			sourceTree = "<group>";
		};
		4D49A69C27E052C300E36FDC /* Page */ = {
			isa = PBXGroup;
			children = (
				4D49A66427DFCE3000E36FDC /* ContentView.swift */,
			);
			path = Page;
			sourceTree = "<group>";
		};
		4D49A6A127E05B9600E36FDC /* ContentView */ = {
			isa = PBXGroup;
			children = (
				4D49A69D27E052D900E36FDC /* ColorSlider.swift */,
				4D49A6A227E05BAA00E36FDC /* ColorCircle.swift */,
				4D49A6A427E05D4500E36FDC /* BevelText.swift */,
				4D49A6A627E0657800E36FDC /* NeuButtonStyle.swift */,
			);
			path = ContentView;
			sourceTree = "<group>";
		};
/* End PBXGroup section */

/* Begin PBXNativeTarget section */
		4D49A65E27DFCE3000E36FDC /* Basic-SwiftUI-Part1 */ = {
			isa = PBXNativeTarget;
			buildConfigurationList = 4D49A68827DFCE3200E36FDC /* Build configuration list for PBXNativeTarget "Basic-SwiftUI-Part1" */;
			buildPhases = (
				4D49A65B27DFCE3000E36FDC /* Sources */,
				4D49A65C27DFCE3000E36FDC /* Frameworks */,
				4D49A65D27DFCE3000E36FDC /* Resources */,
			);
			buildRules = (
			);
			dependencies = (
			);
			name = "Basic-SwiftUI-Part1";
			productName = "Basic-SwiftUI-Part1";
			productReference = 4D49A65F27DFCE3000E36FDC /* Basic-SwiftUI-Part1.app */;
			productType = "com.apple.product-type.application";
		};
		4D49A67327DFCE3200E36FDC /* Basic-SwiftUI-Part1Tests */ = {
			isa = PBXNativeTarget;
			buildConfigurationList = 4D49A68B27DFCE3200E36FDC /* Build configuration list for PBXNativeTarget "Basic-SwiftUI-Part1Tests" */;
			buildPhases = (
				4D49A67027DFCE3200E36FDC /* Sources */,
				4D49A67127DFCE3200E36FDC /* Frameworks */,
				4D49A67227DFCE3200E36FDC /* Resources */,
			);
			buildRules = (
			);
			dependencies = (
				4D49A67627DFCE3200E36FDC /* PBXTargetDependency */,
			);
			name = "Basic-SwiftUI-Part1Tests";
			productName = "Basic-SwiftUI-Part1Tests";
			productReference = 4D49A67427DFCE3200E36FDC /* Basic-SwiftUI-Part1Tests.xctest */;
			productType = "com.apple.product-type.bundle.unit-test";
		};
		4D49A67D27DFCE3200E36FDC /* Basic-SwiftUI-Part1UITests */ = {
			isa = PBXNativeTarget;
			buildConfigurationList = 4D49A68E27DFCE3200E36FDC /* Build configuration list for PBXNativeTarget "Basic-SwiftUI-Part1UITests" */;
			buildPhases = (
				4D49A67A27DFCE3200E36FDC /* Sources */,
				4D49A67B27DFCE3200E36FDC /* Frameworks */,
				4D49A67C27DFCE3200E36FDC /* Resources */,
			);
			buildRules = (
			);
			dependencies = (
				4D49A68027DFCE3200E36FDC /* PBXTargetDependency */,
			);
			name = "Basic-SwiftUI-Part1UITests";
			productName = "Basic-SwiftUI-Part1UITests";
			productReference = 4D49A67E27DFCE3200E36FDC /* Basic-SwiftUI-Part1UITests.xctest */;
			productType = "com.apple.product-type.bundle.ui-testing";
		};
/* End PBXNativeTarget section */

/* Begin PBXProject section */
		4D49A65727DFCE3000E36FDC /* Project object */ = {
			isa = PBXProject;
			attributes = {
				BuildIndependentTargetsInParallel = 1;
				LastSwiftUpdateCheck = 1320;
				LastUpgradeCheck = 1320;
				TargetAttributes = {
					4D49A65E27DFCE3000E36FDC = {
						CreatedOnToolsVersion = 13.2.1;
					};
					4D49A67327DFCE3200E36FDC = {
						CreatedOnToolsVersion = 13.2.1;
						TestTargetID = 4D49A65E27DFCE3000E36FDC;
					};
					4D49A67D27DFCE3200E36FDC = {
						CreatedOnToolsVersion = 13.2.1;
						TestTargetID = 4D49A65E27DFCE3000E36FDC;
					};
				};
			};
			buildConfigurationList = 4D49A65A27DFCE3000E36FDC /* Build configuration list for PBXProject "Basic-SwiftUI-Part1" */;
			compatibilityVersion = "Xcode 13.0";
			developmentRegion = en;
			hasScannedForEncodings = 0;
			knownRegions = (
				en,
				Base,
			);
			mainGroup = 4D49A65627DFCE3000E36FDC;
			productRefGroup = 4D49A66027DFCE3000E36FDC /* Products */;
			projectDirPath = "";
			projectRoot = "";
			targets = (
				4D49A65E27DFCE3000E36FDC /* Basic-SwiftUI-Part1 */,
				4D49A67327DFCE3200E36FDC /* Basic-SwiftUI-Part1Tests */,
				4D49A67D27DFCE3200E36FDC /* Basic-SwiftUI-Part1UITests */,
			);
		};
/* End PBXProject section */

/* Begin PBXResourcesBuildPhase section */
		4D49A65D27DFCE3000E36FDC /* Resources */ = {
			isa = PBXResourcesBuildPhase;
			buildActionMask = 2147483647;
			files = (
				4D49A66A27DFCE3100E36FDC /* Preview Assets.xcassets in Resources */,
				4D49A66727DFCE3100E36FDC /* Assets.xcassets in Resources */,
			);
			runOnlyForDeploymentPostprocessing = 0;
		};
		4D49A67227DFCE3200E36FDC /* Resources */ = {
			isa = PBXResourcesBuildPhase;
			buildActionMask = 2147483647;
			files = (
			);
			runOnlyForDeploymentPostprocessing = 0;
		};
		4D49A67C27DFCE3200E36FDC /* Resources */ = {
			isa = PBXResourcesBuildPhase;
			buildActionMask = 2147483647;
			files = (
			);
			runOnlyForDeploymentPostprocessing = 0;
		};
/* End PBXResourcesBuildPhase section */

/* Begin PBXSourcesBuildPhase section */
		4D49A65B27DFCE3000E36FDC /* Sources */ = {
			isa = PBXSourcesBuildPhase;
			buildActionMask = 2147483647;
			files = (
				4D49A66C27DFCE3100E36FDC /* Persistence.swift in Sources */,
				4D49A66527DFCE3000E36FDC /* ContentView.swift in Sources */,
				4D49A69927E0509500E36FDC /* Game.swift in Sources */,
				4D49A66F27DFCE3100E36FDC /* Basic_SwiftUI_Part1.xcdatamodeld in Sources */,
				4D49A69727E04F0500E36FDC /* RGB.swift in Sources */,
				4D49A6A027E0574600E36FDC /* View.swift in Sources */,
				4D49A69527E04EB400E36FDC /* Color.swift in Sources */,
				4D49A6A327E05BAA00E36FDC /* ColorCircle.swift in Sources */,
				4D49A6A727E0657800E36FDC /* NeuButtonStyle.swift in Sources */,
				4D49A6A527E05D4500E36FDC /* BevelText.swift in Sources */,
				4D49A69E27E052D900E36FDC /* ColorSlider.swift in Sources */,
				4D49A66327DFCE3000E36FDC /* Basic_SwiftUI_Part1App.swift in Sources */,
			);
			runOnlyForDeploymentPostprocessing = 0;
		};
		4D49A67027DFCE3200E36FDC /* Sources */ = {
			isa = PBXSourcesBuildPhase;
			buildActionMask = 2147483647;
			files = (
				4D49A67927DFCE3200E36FDC /* Basic_SwiftUI_Part1Tests.swift in Sources */,
			);
			runOnlyForDeploymentPostprocessing = 0;
		};
		4D49A67A27DFCE3200E36FDC /* Sources */ = {
			isa = PBXSourcesBuildPhase;
			buildActionMask = 2147483647;
			files = (
				4D49A68527DFCE3200E36FDC /* Basic_SwiftUI_Part1UITestsLaunchTests.swift in Sources */,
				4D49A68327DFCE3200E36FDC /* Basic_SwiftUI_Part1UITests.swift in Sources */,
			);
			runOnlyForDeploymentPostprocessing = 0;
		};
/* End PBXSourcesBuildPhase section */

/* Begin PBXTargetDependency section */
		4D49A67627DFCE3200E36FDC /* PBXTargetDependency */ = {
			isa = PBXTargetDependency;
			target = 4D49A65E27DFCE3000E36FDC /* Basic-SwiftUI-Part1 */;
			targetProxy = 4D49A67527DFCE3200E36FDC /* PBXContainerItemProxy */;
		};
		4D49A68027DFCE3200E36FDC /* PBXTargetDependency */ = {
			isa = PBXTargetDependency;
			target = 4D49A65E27DFCE3000E36FDC /* Basic-SwiftUI-Part1 */;
			targetProxy = 4D49A67F27DFCE3200E36FDC /* PBXContainerItemProxy */;
		};
/* End PBXTargetDependency section */

/* Begin XCBuildConfiguration section */
		4D49A68627DFCE3200E36FDC /* Debug */ = {
			isa = XCBuildConfiguration;
			buildSettings = {
				ALWAYS_SEARCH_USER_PATHS = NO;
				CLANG_ANALYZER_NONNULL = YES;
				CLANG_ANALYZER_NUMBER_OBJECT_CONVERSION = YES_AGGRESSIVE;
				CLANG_CXX_LANGUAGE_STANDARD = "gnu++17";
				CLANG_CXX_LIBRARY = "libc++";
				CLANG_ENABLE_MODULES = YES;
				CLANG_ENABLE_OBJC_ARC = YES;
				CLANG_ENABLE_OBJC_WEAK = YES;
				CLANG_WARN_BLOCK_CAPTURE_AUTORELEASING = YES;
				CLANG_WARN_BOOL_CONVERSION = YES;
				CLANG_WARN_COMMA = YES;
				CLANG_WARN_CONSTANT_CONVERSION = YES;
				CLANG_WARN_DEPRECATED_OBJC_IMPLEMENTATIONS = YES;
				CLANG_WARN_DIRECT_OBJC_ISA_USAGE = YES_ERROR;
				CLANG_WARN_DOCUMENTATION_COMMENTS = YES;
				CLANG_WARN_EMPTY_BODY = YES;
				CLANG_WARN_ENUM_CONVERSION = YES;
				CLANG_WARN_INFINITE_RECURSION = YES;
				CLANG_WARN_INT_CONVERSION = YES;
				CLANG_WARN_NON_LITERAL_NULL_CONVERSION = YES;
				CLANG_WARN_OBJC_IMPLICIT_RETAIN_SELF = YES;
				CLANG_WARN_OBJC_LITERAL_CONVERSION = YES;
				CLANG_WARN_OBJC_ROOT_CLASS = YES_ERROR;
				CLANG_WARN_QUOTED_INCLUDE_IN_FRAMEWORK_HEADER = YES;
				CLANG_WARN_RANGE_LOOP_ANALYSIS = YES;
				CLANG_WARN_STRICT_PROTOTYPES = YES;
				CLANG_WARN_SUSPICIOUS_MOVE = YES;
				CLANG_WARN_UNGUARDED_AVAILABILITY = YES_AGGRESSIVE;
				CLANG_WARN_UNREACHABLE_CODE = YES;
				CLANG_WARN__DUPLICATE_METHOD_MATCH = YES;
				COPY_PHASE_STRIP = NO;
				DEBUG_INFORMATION_FORMAT = dwarf;
				ENABLE_STRICT_OBJC_MSGSEND = YES;
				ENABLE_TESTABILITY = YES;
				GCC_C_LANGUAGE_STANDARD = gnu11;
				GCC_DYNAMIC_NO_PIC = NO;
				GCC_NO_COMMON_BLOCKS = YES;
				GCC_OPTIMIZATION_LEVEL = 0;
				GCC_PREPROCESSOR_DEFINITIONS = (
					"DEBUG=1",
					"$(inherited)",
				);
				GCC_WARN_64_TO_32_BIT_CONVERSION = YES;
				GCC_WARN_ABOUT_RETURN_TYPE = YES_ERROR;
				GCC_WARN_UNDECLARED_SELECTOR = YES;
				GCC_WARN_UNINITIALIZED_AUTOS = YES_AGGRESSIVE;
				GCC_WARN_UNUSED_FUNCTION = YES;
				GCC_WARN_UNUSED_VARIABLE = YES;
				IPHONEOS_DEPLOYMENT_TARGET = 15.2;
				MTL_ENABLE_DEBUG_INFO = INCLUDE_SOURCE;
				MTL_FAST_MATH = YES;
				ONLY_ACTIVE_ARCH = YES;
				SDKROOT = iphoneos;
				SWIFT_ACTIVE_COMPILATION_CONDITIONS = DEBUG;
				SWIFT_OPTIMIZATION_LEVEL = "-Onone";
			};
			name = Debug;
		};
		4D49A68727DFCE3200E36FDC /* Release */ = {
			isa = XCBuildConfiguration;
			buildSettings = {
				ALWAYS_SEARCH_USER_PATHS = NO;
				CLANG_ANALYZER_NONNULL = YES;
				CLANG_ANALYZER_NUMBER_OBJECT_CONVERSION = YES_AGGRESSIVE;
				CLANG_CXX_LANGUAGE_STANDARD = "gnu++17";
				CLANG_CXX_LIBRARY = "libc++";
				CLANG_ENABLE_MODULES = YES;
				CLANG_ENABLE_OBJC_ARC = YES;
				CLANG_ENABLE_OBJC_WEAK = YES;
				CLANG_WARN_BLOCK_CAPTURE_AUTORELEASING = YES;
				CLANG_WARN_BOOL_CONVERSION = YES;
				CLANG_WARN_COMMA = YES;
				CLANG_WARN_CONSTANT_CONVERSION = YES;
				CLANG_WARN_DEPRECATED_OBJC_IMPLEMENTATIONS = YES;
				CLANG_WARN_DIRECT_OBJC_ISA_USAGE = YES_ERROR;
				CLANG_WARN_DOCUMENTATION_COMMENTS = YES;
				CLANG_WARN_EMPTY_BODY = YES;
				CLANG_WARN_ENUM_CONVERSION = YES;
				CLANG_WARN_INFINITE_RECURSION = YES;
				CLANG_WARN_INT_CONVERSION = YES;
				CLANG_WARN_NON_LITERAL_NULL_CONVERSION = YES;
				CLANG_WARN_OBJC_IMPLICIT_RETAIN_SELF = YES;
				CLANG_WARN_OBJC_LITERAL_CONVERSION = YES;
				CLANG_WARN_OBJC_ROOT_CLASS = YES_ERROR;
				CLANG_WARN_QUOTED_INCLUDE_IN_FRAMEWORK_HEADER = YES;
				CLANG_WARN_RANGE_LOOP_ANALYSIS = YES;
				CLANG_WARN_STRICT_PROTOTYPES = YES;
				CLANG_WARN_SUSPICIOUS_MOVE = YES;
				CLANG_WARN_UNGUARDED_AVAILABILITY = YES_AGGRESSIVE;
				CLANG_WARN_UNREACHABLE_CODE = YES;
				CLANG_WARN__DUPLICATE_METHOD_MATCH = YES;
				COPY_PHASE_STRIP = NO;
				DEBUG_INFORMATION_FORMAT = "dwarf-with-dsym";
				ENABLE_NS_ASSERTIONS = NO;
				ENABLE_STRICT_OBJC_MSGSEND = YES;
				GCC_C_LANGUAGE_STANDARD = gnu11;
				GCC_NO_COMMON_BLOCKS = YES;
				GCC_WARN_64_TO_32_BIT_CONVERSION = YES;
				GCC_WARN_ABOUT_RETURN_TYPE = YES_ERROR;
				GCC_WARN_UNDECLARED_SELECTOR = YES;
				GCC_WARN_UNINITIALIZED_AUTOS = YES_AGGRESSIVE;
				GCC_WARN_UNUSED_FUNCTION = YES;
				GCC_WARN_UNUSED_VARIABLE = YES;
				IPHONEOS_DEPLOYMENT_TARGET = 15.2;
				MTL_ENABLE_DEBUG_INFO = NO;
				MTL_FAST_MATH = YES;
				SDKROOT = iphoneos;
				SWIFT_COMPILATION_MODE = wholemodule;
				SWIFT_OPTIMIZATION_LEVEL = "-O";
				VALIDATE_PRODUCT = YES;
			};
			name = Release;
		};
		4D49A68927DFCE3200E36FDC /* Debug */ = {
			isa = XCBuildConfiguration;
			buildSettings = {
				ASSETCATALOG_COMPILER_APPICON_NAME = AppIcon;
				ASSETCATALOG_COMPILER_GLOBAL_ACCENT_COLOR_NAME = AccentColor;
				CODE_SIGN_STYLE = Automatic;
				CURRENT_PROJECT_VERSION = 1;
				DEVELOPMENT_ASSET_PATHS = "\"Basic-SwiftUI-Part1/Preview Content\"";
				DEVELOPMENT_TEAM = G7Z2DR824B;
				ENABLE_PREVIEWS = YES;
				GENERATE_INFOPLIST_FILE = YES;
				INFOPLIST_KEY_UIApplicationSceneManifest_Generation = YES;
				INFOPLIST_KEY_UIApplicationSupportsIndirectInputEvents = YES;
				INFOPLIST_KEY_UILaunchScreen_Generation = YES;
				INFOPLIST_KEY_UISupportedInterfaceOrientations_iPad = "UIInterfaceOrientationPortrait UIInterfaceOrientationPortraitUpsideDown UIInterfaceOrientationLandscapeLeft UIInterfaceOrientationLandscapeRight";
				INFOPLIST_KEY_UISupportedInterfaceOrientations_iPhone = "UIInterfaceOrientationPortrait UIInterfaceOrientationLandscapeLeft UIInterfaceOrientationLandscapeRight";
				LD_RUNPATH_SEARCH_PATHS = (
					"$(inherited)",
					"@executable_path/Frameworks",
				);
				MARKETING_VERSION = 1.0;
				PRODUCT_BUNDLE_IDENTIFIER = "com.chondro.Basic-SwiftUI-Part1";
				PRODUCT_NAME = "$(TARGET_NAME)";
				SWIFT_EMIT_LOC_STRINGS = YES;
				SWIFT_VERSION = 5.0;
				TARGETED_DEVICE_FAMILY = "1,2";
			};
			name = Debug;
		};
		4D49A68A27DFCE3200E36FDC /* Release */ = {
			isa = XCBuildConfiguration;
			buildSettings = {
				ASSETCATALOG_COMPILER_APPICON_NAME = AppIcon;
				ASSETCATALOG_COMPILER_GLOBAL_ACCENT_COLOR_NAME = AccentColor;
				CODE_SIGN_STYLE = Automatic;
				CURRENT_PROJECT_VERSION = 1;
				DEVELOPMENT_ASSET_PATHS = "\"Basic-SwiftUI-Part1/Preview Content\"";
				DEVELOPMENT_TEAM = G7Z2DR824B;
				ENABLE_PREVIEWS = YES;
				GENERATE_INFOPLIST_FILE = YES;
				INFOPLIST_KEY_UIApplicationSceneManifest_Generation = YES;
				INFOPLIST_KEY_UIApplicationSupportsIndirectInputEvents = YES;
				INFOPLIST_KEY_UILaunchScreen_Generation = YES;
				INFOPLIST_KEY_UISupportedInterfaceOrientations_iPad = "UIInterfaceOrientationPortrait UIInterfaceOrientationPortraitUpsideDown UIInterfaceOrientationLandscapeLeft UIInterfaceOrientationLandscapeRight";
				INFOPLIST_KEY_UISupportedInterfaceOrientations_iPhone = "UIInterfaceOrientationPortrait UIInterfaceOrientationLandscapeLeft UIInterfaceOrientationLandscapeRight";
				LD_RUNPATH_SEARCH_PATHS = (
					"$(inherited)",
					"@executable_path/Frameworks",
				);
				MARKETING_VERSION = 1.0;
				PRODUCT_BUNDLE_IDENTIFIER = "com.chondro.Basic-SwiftUI-Part1";
				PRODUCT_NAME = "$(TARGET_NAME)";
				SWIFT_EMIT_LOC_STRINGS = YES;
				SWIFT_VERSION = 5.0;
				TARGETED_DEVICE_FAMILY = "1,2";
			};
			name = Release;
		};
		4D49A68C27DFCE3200E36FDC /* Debug */ = {
			isa = XCBuildConfiguration;
			buildSettings = {
				ALWAYS_EMBED_SWIFT_STANDARD_LIBRARIES = YES;
				BUNDLE_LOADER = "$(TEST_HOST)";
				CODE_SIGN_STYLE = Automatic;
				CURRENT_PROJECT_VERSION = 1;
				DEVELOPMENT_TEAM = G7Z2DR824B;
				GENERATE_INFOPLIST_FILE = YES;
				IPHONEOS_DEPLOYMENT_TARGET = 15.2;
				MARKETING_VERSION = 1.0;
				PRODUCT_BUNDLE_IDENTIFIER = "com.chondro.Basic-SwiftUI-Part1Tests";
				PRODUCT_NAME = "$(TARGET_NAME)";
				SWIFT_EMIT_LOC_STRINGS = NO;
				SWIFT_VERSION = 5.0;
				TARGETED_DEVICE_FAMILY = "1,2";
				TEST_HOST = "$(BUILT_PRODUCTS_DIR)/Basic-SwiftUI-Part1.app/Basic-SwiftUI-Part1";
			};
			name = Debug;
		};
		4D49A68D27DFCE3200E36FDC /* Release */ = {
			isa = XCBuildConfiguration;
			buildSettings = {
				ALWAYS_EMBED_SWIFT_STANDARD_LIBRARIES = YES;
				BUNDLE_LOADER = "$(TEST_HOST)";
				CODE_SIGN_STYLE = Automatic;
				CURRENT_PROJECT_VERSION = 1;
				DEVELOPMENT_TEAM = G7Z2DR824B;
				GENERATE_INFOPLIST_FILE = YES;
				IPHONEOS_DEPLOYMENT_TARGET = 15.2;
				MARKETING_VERSION = 1.0;
				PRODUCT_BUNDLE_IDENTIFIER = "com.chondro.Basic-SwiftUI-Part1Tests";
				PRODUCT_NAME = "$(TARGET_NAME)";
				SWIFT_EMIT_LOC_STRINGS = NO;
				SWIFT_VERSION = 5.0;
				TARGETED_DEVICE_FAMILY = "1,2";
				TEST_HOST = "$(BUILT_PRODUCTS_DIR)/Basic-SwiftUI-Part1.app/Basic-SwiftUI-Part1";
			};
			name = Release;
		};
		4D49A68F27DFCE3200E36FDC /* Debug */ = {
			isa = XCBuildConfiguration;
			buildSettings = {
				ALWAYS_EMBED_SWIFT_STANDARD_LIBRARIES = YES;
				CODE_SIGN_STYLE = Automatic;
				CURRENT_PROJECT_VERSION = 1;
				DEVELOPMENT_TEAM = G7Z2DR824B;
				GENERATE_INFOPLIST_FILE = YES;
				MARKETING_VERSION = 1.0;
				PRODUCT_BUNDLE_IDENTIFIER = "com.chondro.Basic-SwiftUI-Part1UITests";
				PRODUCT_NAME = "$(TARGET_NAME)";
				SWIFT_EMIT_LOC_STRINGS = NO;
				SWIFT_VERSION = 5.0;
				TARGETED_DEVICE_FAMILY = "1,2";
				TEST_TARGET_NAME = "Basic-SwiftUI-Part1";
			};
			name = Debug;
		};
		4D49A69027DFCE3200E36FDC /* Release */ = {
			isa = XCBuildConfiguration;
			buildSettings = {
				ALWAYS_EMBED_SWIFT_STANDARD_LIBRARIES = YES;
				CODE_SIGN_STYLE = Automatic;
				CURRENT_PROJECT_VERSION = 1;
				DEVELOPMENT_TEAM = G7Z2DR824B;
				GENERATE_INFOPLIST_FILE = YES;
				MARKETING_VERSION = 1.0;
				PRODUCT_BUNDLE_IDENTIFIER = "com.chondro.Basic-SwiftUI-Part1UITests";
				PRODUCT_NAME = "$(TARGET_NAME)";
				SWIFT_EMIT_LOC_STRINGS = NO;
				SWIFT_VERSION = 5.0;
				TARGETED_DEVICE_FAMILY = "1,2";
				TEST_TARGET_NAME = "Basic-SwiftUI-Part1";
			};
			name = Release;
		};
/* End XCBuildConfiguration section */

/* Begin XCConfigurationList section */
		4D49A65A27DFCE3000E36FDC /* Build configuration list for PBXProject "Basic-SwiftUI-Part1" */ = {
			isa = XCConfigurationList;
			buildConfigurations = (
				4D49A68627DFCE3200E36FDC /* Debug */,
				4D49A68727DFCE3200E36FDC /* Release */,
			);
			defaultConfigurationIsVisible = 0;
			defaultConfigurationName = Release;
		};
		4D49A68827DFCE3200E36FDC /* Build configuration list for PBXNativeTarget "Basic-SwiftUI-Part1" */ = {
			isa = XCConfigurationList;
			buildConfigurations = (
				4D49A68927DFCE3200E36FDC /* Debug */,
				4D49A68A27DFCE3200E36FDC /* Release */,
			);
			defaultConfigurationIsVisible = 0;
			defaultConfigurationName = Release;
		};
		4D49A68B27DFCE3200E36FDC /* Build configuration list for PBXNativeTarget "Basic-SwiftUI-Part1Tests" */ = {
			isa = XCConfigurationList;
			buildConfigurations = (
				4D49A68C27DFCE3200E36FDC /* Debug */,
				4D49A68D27DFCE3200E36FDC /* Release */,
			);
			defaultConfigurationIsVisible = 0;
			defaultConfigurationName = Release;
		};
		4D49A68E27DFCE3200E36FDC /* Build configuration list for PBXNativeTarget "Basic-SwiftUI-Part1UITests" */ = {
			isa = XCConfigurationList;
			buildConfigurations = (
				4D49A68F27DFCE3200E36FDC /* Debug */,
				4D49A69027DFCE3200E36FDC /* Release */,
			);
			defaultConfigurationIsVisible = 0;
			defaultConfigurationName = Release;
		};
/* End XCConfigurationList section */

/* Begin XCVersionGroup section */
		4D49A66D27DFCE3100E36FDC /* Basic_SwiftUI_Part1.xcdatamodeld */ = {
			isa = XCVersionGroup;
			children = (
				4D49A66E27DFCE3100E36FDC /* Basic_SwiftUI_Part1.xcdatamodel */,
			);
			currentVersion = 4D49A66E27DFCE3100E36FDC /* Basic_SwiftUI_Part1.xcdatamodel */;
			path = Basic_SwiftUI_Part1.xcdatamodeld;
			sourceTree = "<group>";
			versionGroupType = wrapper.xcdatamodel;
		};
/* End XCVersionGroup section */
	};
	rootObject = 4D49A65727DFCE3000E36FDC /* Project object */;
}
